
Microsoft Visual Studio Solution File, Format Version 12.00
# Visual Studio Version 17
VisualStudioVersion = 17.4.33205.214
MinimumVisualStudioVersion = 10.0.40219.1
Project("{9A19103F-16F7-4668-BE54-9A1E7A4F7556}") = "ServerClientDemo", "ServerClientDemo\ServerClientDemo.csproj", "{D225F032-1192-4287-89F4-0499F8E23BC9}"
EndProject
Project("{FAE04EC0-301F-11D3-BF4B-00C04F79EFBC}") = "Client", "Client\Client.csproj", "{B05A0DC4-C15B-47A6-8F57-ECEB60055098}"
EndProject
Project("{FAE04EC0-301F-11D3-BF4B-00C04F79EFBC}") = "Server", "Server\Server.csproj", "{FE2F956F-34B3-43BE-8B8F-07222B6CBE4D}"
EndProject
Global
	GlobalSection(SolutionConfigurationPlatforms) = preSolution
		Debug|Any CPU = Debug|Any CPU
		Release|Any CPU = Release|Any CPU
	EndGlobalSection
	GlobalSection(ProjectConfigurationPlatforms) = postSolution
		{D225F032-1192-4287-89F4-0499F8E23BC9}.Debug|Any CPU.ActiveCfg = Debug|Any CPU
		{D225F032-1192-4287-89F4-0499F8E23BC9}.Debug|Any CPU.Build.0 = Debug|Any CPU
		{D225F032-1192-4287-89F4-0499F8E23BC9}.Release|Any CPU.ActiveCfg = Release|Any CPU
		{D225F032-1192-4287-89F4-0499F8E23BC9}.Release|Any CPU.Build.0 = Release|Any CPU
		{B05A0DC4-C15B-47A6-8F57-ECEB60055098}.Debug|Any CPU.ActiveCfg = Debug|Any CPU
		{B05A0DC4-C15B-47A6-8F57-ECEB60055098}.Debug|Any CPU.Build.0 = Debug|Any CPU
		{B05A0DC4-C15B-47A6-8F57-ECEB60055098}.Release|Any CPU.ActiveCfg = Release|Any CPU
		{B05A0DC4-C15B-47A6-8F57-ECEB60055098}.Release|Any CPU.Build.0 = Release|Any CPU
		{FE2F956F-34B3-43BE-8B8F-07222B6CBE4D}.Debug|Any CPU.ActiveCfg = Debug|Any CPU
		{FE2F956F-34B3-43BE-8B8F-07222B6CBE4D}.Debug|Any CPU.Build.0 = Debug|Any CPU
		{FE2F956F-34B3-43BE-8B8F-07222B6CBE4D}.Release|Any CPU.ActiveCfg = Release|Any CPU
		{FE2F956F-34B3-43BE-8B8F-07222B6CBE4D}.Release|Any CPU.Build.0 = Release|Any CPU
	EndGlobalSection
	GlobalSection(SolutionProperties) = preSolution
		HideSolutionNode = FALSE
	EndGlobalSection
	GlobalSection(ExtensibilityGlobals) = postSolution
		SolutionGuid = {D414EB8A-A7C4-4F11-8CB0-3AE8D98EBF3E}
	EndGlobalSection
EndGlobal
